// !$*UTF8*$!
{
	archiveVersion = 1;
	classes = {
	};
	objectVersion = 50;
	objects = {

/* Begin PBXBuildFile section */
		D811F2022248AFBC00DD5E47 /* AppDelegate.swift in Sources */ = {isa = PBXBuildFile; fileRef = D811F2012248AFBC00DD5E47 /* AppDelegate.swift */; };
		D811F2082248AFBC00DD5E47 /* GameScene.swift in Sources */ = {isa = PBXBuildFile; fileRef = D811F2072248AFBC00DD5E47 /* GameScene.swift */; };
		D811F20A2248AFBC00DD5E47 /* GameViewController.swift in Sources */ = {isa = PBXBuildFile; fileRef = D811F2092248AFBC00DD5E47 /* GameViewController.swift */; };
		D811F20D2248AFBC00DD5E47 /* Main.storyboard in Resources */ = {isa = PBXBuildFile; fileRef = D811F20B2248AFBC00DD5E47 /* Main.storyboard */; };
		D811F20F2248AFBD00DD5E47 /* Assets.xcassets in Resources */ = {isa = PBXBuildFile; fileRef = D811F20E2248AFBD00DD5E47 /* Assets.xcassets */; };
		D811F2122248AFBD00DD5E47 /* LaunchScreen.storyboard in Resources */ = {isa = PBXBuildFile; fileRef = D811F2102248AFBD00DD5E47 /* LaunchScreen.storyboard */; };
		D811F21D2248AFBD00DD5E47 /* BlocksAndRunTests.swift in Sources */ = {isa = PBXBuildFile; fileRef = D811F21C2248AFBD00DD5E47 /* BlocksAndRunTests.swift */; };
		D811F2282248AFBD00DD5E47 /* BlocksAndRunUITests.swift in Sources */ = {isa = PBXBuildFile; fileRef = D811F2272248AFBD00DD5E47 /* BlocksAndRunUITests.swift */; };
		D87B9C642252FA4A00B0A3B2 /* Player.swift in Sources */ = {isa = PBXBuildFile; fileRef = D87B9C632252FA4A00B0A3B2 /* Player.swift */; };
		D8DA5174225700F600BD0C9D /* BlocksGenarator.swift in Sources */ = {isa = PBXBuildFile; fileRef = D8DA5173225700F600BD0C9D /* BlocksGenarator.swift */; };
		D8DA51762257012300BD0C9D /* Blocks.swift in Sources */ = {isa = PBXBuildFile; fileRef = D8DA51752257012300BD0C9D /* Blocks.swift */; };
		D8E0FF362252F92D00F5AB50 /* MovingBridge.swift in Sources */ = {isa = PBXBuildFile; fileRef = D8E0FF352252F92C00F5AB50 /* MovingBridge.swift */; };
		D8FEAB3622573781003FE2A8 /* Constants.swift in Sources */ = {isa = PBXBuildFile; fileRef = D8FEAB3522573781003FE2A8 /* Constants.swift */; };
		E63CAEC72257689A0082845A /* UserViewController.swift in Sources */ = {isa = PBXBuildFile; fileRef = E63CAEC6225768990082845A /* UserViewController.swift */; };
		E63CAECA225768A90082845A /* UserSignInViewController.swift in Sources */ = {isa = PBXBuildFile; fileRef = E63CAEC8225768A90082845A /* UserSignInViewController.swift */; };
		E63CAECB225768A90082845A /* UserSignUpViewController.swift in Sources */ = {isa = PBXBuildFile; fileRef = E63CAEC9225768A90082845A /* UserSignUpViewController.swift */; };
/* End PBXBuildFile section */

/* Begin PBXContainerItemProxy section */
		D811F2192248AFBD00DD5E47 /* PBXContainerItemProxy */ = {
			isa = PBXContainerItemProxy;
			containerPortal = D811F1F62248AFBC00DD5E47 /* Project object */;
			proxyType = 1;
			remoteGlobalIDString = D811F1FD2248AFBC00DD5E47;
			remoteInfo = BlocksAndRun;
		};
		D811F2242248AFBD00DD5E47 /* PBXContainerItemProxy */ = {
			isa = PBXContainerItemProxy;
			containerPortal = D811F1F62248AFBC00DD5E47 /* Project object */;
			proxyType = 1;
			remoteGlobalIDString = D811F1FD2248AFBC00DD5E47;
			remoteInfo = BlocksAndRun;
		};
/* End PBXContainerItemProxy section */

/* Begin PBXFileReference section */
		D811F1FE2248AFBC00DD5E47 /* BlocksAndRun.app */ = {isa = PBXFileReference; explicitFileType = wrapper.application; includeInIndex = 0; path = BlocksAndRun.app; sourceTree = BUILT_PRODUCTS_DIR; };
		D811F2012248AFBC00DD5E47 /* AppDelegate.swift */ = {isa = PBXFileReference; lastKnownFileType = sourcecode.swift; path = AppDelegate.swift; sourceTree = "<group>"; };
		D811F2072248AFBC00DD5E47 /* GameScene.swift */ = {isa = PBXFileReference; lastKnownFileType = sourcecode.swift; path = GameScene.swift; sourceTree = "<group>"; };
		D811F2092248AFBC00DD5E47 /* GameViewController.swift */ = {isa = PBXFileReference; lastKnownFileType = sourcecode.swift; path = GameViewController.swift; sourceTree = "<group>"; };
		D811F20C2248AFBC00DD5E47 /* Base */ = {isa = PBXFileReference; lastKnownFileType = file.storyboard; name = Base; path = Base.lproj/Main.storyboard; sourceTree = "<group>"; };
		D811F20E2248AFBD00DD5E47 /* Assets.xcassets */ = {isa = PBXFileReference; lastKnownFileType = folder.assetcatalog; path = Assets.xcassets; sourceTree = "<group>"; };
		D811F2112248AFBD00DD5E47 /* Base */ = {isa = PBXFileReference; lastKnownFileType = file.storyboard; name = Base; path = Base.lproj/LaunchScreen.storyboard; sourceTree = "<group>"; };
		D811F2132248AFBD00DD5E47 /* Info.plist */ = {isa = PBXFileReference; lastKnownFileType = text.plist.xml; path = Info.plist; sourceTree = "<group>"; };
		D811F2182248AFBD00DD5E47 /* BlocksAndRunTests.xctest */ = {isa = PBXFileReference; explicitFileType = wrapper.cfbundle; includeInIndex = 0; path = BlocksAndRunTests.xctest; sourceTree = BUILT_PRODUCTS_DIR; };
		D811F21C2248AFBD00DD5E47 /* BlocksAndRunTests.swift */ = {isa = PBXFileReference; lastKnownFileType = sourcecode.swift; path = BlocksAndRunTests.swift; sourceTree = "<group>"; };
		D811F21E2248AFBD00DD5E47 /* Info.plist */ = {isa = PBXFileReference; lastKnownFileType = text.plist.xml; path = Info.plist; sourceTree = "<group>"; };
		D811F2232248AFBD00DD5E47 /* BlocksAndRunUITests.xctest */ = {isa = PBXFileReference; explicitFileType = wrapper.cfbundle; includeInIndex = 0; path = BlocksAndRunUITests.xctest; sourceTree = BUILT_PRODUCTS_DIR; };
		D811F2272248AFBD00DD5E47 /* BlocksAndRunUITests.swift */ = {isa = PBXFileReference; lastKnownFileType = sourcecode.swift; path = BlocksAndRunUITests.swift; sourceTree = "<group>"; };
		D811F2292248AFBD00DD5E47 /* Info.plist */ = {isa = PBXFileReference; lastKnownFileType = text.plist.xml; path = Info.plist; sourceTree = "<group>"; };
		D87B9C632252FA4A00B0A3B2 /* Player.swift */ = {isa = PBXFileReference; lastKnownFileType = sourcecode.swift; path = Player.swift; sourceTree = "<group>"; };
		D8DA5173225700F600BD0C9D /* BlocksGenarator.swift */ = {isa = PBXFileReference; lastKnownFileType = sourcecode.swift; path = BlocksGenarator.swift; sourceTree = "<group>"; };
		D8DA51752257012300BD0C9D /* Blocks.swift */ = {isa = PBXFileReference; lastKnownFileType = sourcecode.swift; path = Blocks.swift; sourceTree = "<group>"; };
		D8E0FF352252F92C00F5AB50 /* MovingBridge.swift */ = {isa = PBXFileReference; fileEncoding = 4; lastKnownFileType = sourcecode.swift; path = MovingBridge.swift; sourceTree = "<group>"; };
		D8FEAB3522573781003FE2A8 /* Constants.swift */ = {isa = PBXFileReference; lastKnownFileType = sourcecode.swift; path = Constants.swift; sourceTree = "<group>"; };
		E63CAEC6225768990082845A /* UserViewController.swift */ = {isa = PBXFileReference; fileEncoding = 4; lastKnownFileType = sourcecode.swift; name = UserViewController.swift; path = ../../../../UserViewController.swift; sourceTree = "<group>"; };
		E63CAEC8225768A90082845A /* UserSignInViewController.swift */ = {isa = PBXFileReference; fileEncoding = 4; lastKnownFileType = sourcecode.swift; name = UserSignInViewController.swift; path = ../../../../UserSignInViewController.swift; sourceTree = "<group>"; };
		E63CAEC9225768A90082845A /* UserSignUpViewController.swift */ = {isa = PBXFileReference; fileEncoding = 4; lastKnownFileType = sourcecode.swift; name = UserSignUpViewController.swift; path = ../../../../UserSignUpViewController.swift; sourceTree = "<group>"; };
/* End PBXFileReference section */

/* Begin PBXFrameworksBuildPhase section */
		D811F1FB2248AFBC00DD5E47 /* Frameworks */ = {
			isa = PBXFrameworksBuildPhase;
			buildActionMask = 2147483647;
			files = (
			);
			runOnlyForDeploymentPostprocessing = 0;
		};
		D811F2152248AFBD00DD5E47 /* Frameworks */ = {
			isa = PBXFrameworksBuildPhase;
			buildActionMask = 2147483647;
			files = (
			);
			runOnlyForDeploymentPostprocessing = 0;
		};
		D811F2202248AFBD00DD5E47 /* Frameworks */ = {
			isa = PBXFrameworksBuildPhase;
			buildActionMask = 2147483647;
			files = (
			);
			runOnlyForDeploymentPostprocessing = 0;
		};
/* End PBXFrameworksBuildPhase section */

/* Begin PBXGroup section */
		D811F1F52248AFBC00DD5E47 = {
			isa = PBXGroup;
			children = (
				D811F2002248AFBC00DD5E47 /* BlocksAndRun */,
				D811F21B2248AFBD00DD5E47 /* BlocksAndRunTests */,
				D811F2262248AFBD00DD5E47 /* BlocksAndRunUITests */,
				D811F1FF2248AFBC00DD5E47 /* Products */,
			);
			sourceTree = "<group>";
		};
		D811F1FF2248AFBC00DD5E47 /* Products */ = {
			isa = PBXGroup;
			children = (
				D811F1FE2248AFBC00DD5E47 /* BlocksAndRun.app */,
				D811F2182248AFBD00DD5E47 /* BlocksAndRunTests.xctest */,
				D811F2232248AFBD00DD5E47 /* BlocksAndRunUITests.xctest */,
			);
			name = Products;
			sourceTree = "<group>";
		};
		D811F2002248AFBC00DD5E47 /* BlocksAndRun */ = {
			isa = PBXGroup;
			children = (
				D811F2012248AFBC00DD5E47 /* AppDelegate.swift */,
				D811F2072248AFBC00DD5E47 /* GameScene.swift */,
				D811F2092248AFBC00DD5E47 /* GameViewController.swift */,
				D8E0FF352252F92C00F5AB50 /* MovingBridge.swift */,
				D811F20B2248AFBC00DD5E47 /* Main.storyboard */,
				D87B9C632252FA4A00B0A3B2 /* Player.swift */,
				D811F20E2248AFBD00DD5E47 /* Assets.xcassets */,
				D811F2102248AFBD00DD5E47 /* LaunchScreen.storyboard */,
				D811F2132248AFBD00DD5E47 /* Info.plist */,
				D8DA5173225700F600BD0C9D /* BlocksGenarator.swift */,
				D8DA51752257012300BD0C9D /* Blocks.swift */,
				E63CAEC8225768A90082845A /* UserSignInViewController.swift */,
				E63CAEC9225768A90082845A /* UserSignUpViewController.swift */,
				D8FEAB3522573781003FE2A8 /* Constants.swift */,
				E63CAEC6225768990082845A /* UserViewController.swift */,
			);
			path = BlocksAndRun;
			sourceTree = "<group>";
		};
		D811F21B2248AFBD00DD5E47 /* BlocksAndRunTests */ = {
			isa = PBXGroup;
			children = (
				D811F21C2248AFBD00DD5E47 /* BlocksAndRunTests.swift */,
				D811F21E2248AFBD00DD5E47 /* Info.plist */,
			);
			path = BlocksAndRunTests;
			sourceTree = "<group>";
		};
		D811F2262248AFBD00DD5E47 /* BlocksAndRunUITests */ = {
			isa = PBXGroup;
			children = (
				D811F2272248AFBD00DD5E47 /* BlocksAndRunUITests.swift */,
				D811F2292248AFBD00DD5E47 /* Info.plist */,
			);
			path = BlocksAndRunUITests;
			sourceTree = "<group>";
		};
/* End PBXGroup section */

/* Begin PBXNativeTarget section */
		D811F1FD2248AFBC00DD5E47 /* BlocksAndRun */ = {
			isa = PBXNativeTarget;
			buildConfigurationList = D811F22C2248AFBD00DD5E47 /* Build configuration list for PBXNativeTarget "BlocksAndRun" */;
			buildPhases = (
				D811F1FA2248AFBC00DD5E47 /* Sources */,
				D811F1FB2248AFBC00DD5E47 /* Frameworks */,
				D811F1FC2248AFBC00DD5E47 /* Resources */,
			);
			buildRules = (
			);
			dependencies = (
			);
			name = BlocksAndRun;
			productName = BlocksAndRun;
			productReference = D811F1FE2248AFBC00DD5E47 /* BlocksAndRun.app */;
			productType = "com.apple.product-type.application";
		};
		D811F2172248AFBD00DD5E47 /* BlocksAndRunTests */ = {
			isa = PBXNativeTarget;
			buildConfigurationList = D811F22F2248AFBD00DD5E47 /* Build configuration list for PBXNativeTarget "BlocksAndRunTests" */;
			buildPhases = (
				D811F2142248AFBD00DD5E47 /* Sources */,
				D811F2152248AFBD00DD5E47 /* Frameworks */,
				D811F2162248AFBD00DD5E47 /* Resources */,
			);
			buildRules = (
			);
			dependencies = (
				D811F21A2248AFBD00DD5E47 /* PBXTargetDependency */,
			);
			name = BlocksAndRunTests;
			productName = BlocksAndRunTests;
			productReference = D811F2182248AFBD00DD5E47 /* BlocksAndRunTests.xctest */;
			productType = "com.apple.product-type.bundle.unit-test";
		};
		D811F2222248AFBD00DD5E47 /* BlocksAndRunUITests */ = {
			isa = PBXNativeTarget;
			buildConfigurationList = D811F2322248AFBD00DD5E47 /* Build configuration list for PBXNativeTarget "BlocksAndRunUITests" */;
			buildPhases = (
				D811F21F2248AFBD00DD5E47 /* Sources */,
				D811F2202248AFBD00DD5E47 /* Frameworks */,
				D811F2212248AFBD00DD5E47 /* Resources */,
			);
			buildRules = (
			);
			dependencies = (
				D811F2252248AFBD00DD5E47 /* PBXTargetDependency */,
			);
			name = BlocksAndRunUITests;
			productName = BlocksAndRunUITests;
			productReference = D811F2232248AFBD00DD5E47 /* BlocksAndRunUITests.xctest */;
			productType = "com.apple.product-type.bundle.ui-testing";
		};
/* End PBXNativeTarget section */

/* Begin PBXProject section */
		D811F1F62248AFBC00DD5E47 /* Project object */ = {
			isa = PBXProject;
			attributes = {
				LastSwiftUpdateCheck = 1010;
				LastUpgradeCheck = 1010;
				ORGANIZATIONNAME = Deakin;
				TargetAttributes = {
					D811F1FD2248AFBC00DD5E47 = {
						CreatedOnToolsVersion = 10.1;
					};
					D811F2172248AFBD00DD5E47 = {
						CreatedOnToolsVersion = 10.1;
						TestTargetID = D811F1FD2248AFBC00DD5E47;
					};
					D811F2222248AFBD00DD5E47 = {
						CreatedOnToolsVersion = 10.1;
						TestTargetID = D811F1FD2248AFBC00DD5E47;
					};
				};
			};
			buildConfigurationList = D811F1F92248AFBC00DD5E47 /* Build configuration list for PBXProject "BlocksAndRun" */;
			compatibilityVersion = "Xcode 9.3";
			developmentRegion = en;
			hasScannedForEncodings = 0;
			knownRegions = (
				en,
				Base,
			);
			mainGroup = D811F1F52248AFBC00DD5E47;
			productRefGroup = D811F1FF2248AFBC00DD5E47 /* Products */;
			projectDirPath = "";
			projectRoot = "";
			targets = (
				D811F1FD2248AFBC00DD5E47 /* BlocksAndRun */,
				D811F2172248AFBD00DD5E47 /* BlocksAndRunTests */,
				D811F2222248AFBD00DD5E47 /* BlocksAndRunUITests */,
			);
		};
/* End PBXProject section */

/* Begin PBXResourcesBuildPhase section */
		D811F1FC2248AFBC00DD5E47 /* Resources */ = {
			isa = PBXResourcesBuildPhase;
			buildActionMask = 2147483647;
			files = (
				D811F20D2248AFBC00DD5E47 /* Main.storyboard in Resources */,
				D811F20F2248AFBD00DD5E47 /* Assets.xcassets in Resources */,
				D811F2122248AFBD00DD5E47 /* LaunchScreen.storyboard in Resources */,
			);
			runOnlyForDeploymentPostprocessing = 0;
		};
		D811F2162248AFBD00DD5E47 /* Resources */ = {
			isa = PBXResourcesBuildPhase;
			buildActionMask = 2147483647;
			files = (
			);
			runOnlyForDeploymentPostprocessing = 0;
		};
		D811F2212248AFBD00DD5E47 /* Resources */ = {
			isa = PBXResourcesBuildPhase;
			buildActionMask = 2147483647;
			files = (
			);
			runOnlyForDeploymentPostprocessing = 0;
		};
/* End PBXResourcesBuildPhase section */

/* Begin PBXSourcesBuildPhase section */
		D811F1FA2248AFBC00DD5E47 /* Sources */ = {
			isa = PBXSourcesBuildPhase;
			buildActionMask = 2147483647;
			files = (
				D811F2082248AFBC00DD5E47 /* GameScene.swift in Sources */,
				E63CAECA225768A90082845A /* UserSignInViewController.swift in Sources */,
				E63CAECB225768A90082845A /* UserSignUpViewController.swift in Sources */,
				E63CAEC72257689A0082845A /* UserViewController.swift in Sources */,
				D8DA5174225700F600BD0C9D /* BlocksGenarator.swift in Sources */,
				D811F20A2248AFBC00DD5E47 /* GameViewController.swift in Sources */,
				D8E0FF362252F92D00F5AB50 /* MovingBridge.swift in Sources */,
				D87B9C642252FA4A00B0A3B2 /* Player.swift in Sources */,
				D8DA51762257012300BD0C9D /* Blocks.swift in Sources */,
				D811F2022248AFBC00DD5E47 /* AppDelegate.swift in Sources */,
				D8FEAB3622573781003FE2A8 /* Constants.swift in Sources */,
			);
			runOnlyForDeploymentPostprocessing = 0;
		};
		D811F2142248AFBD00DD5E47 /* Sources */ = {
			isa = PBXSourcesBuildPhase;
			buildActionMask = 2147483647;
			files = (
				D811F21D2248AFBD00DD5E47 /* BlocksAndRunTests.swift in Sources */,
			);
			runOnlyForDeploymentPostprocessing = 0;
		};
		D811F21F2248AFBD00DD5E47 /* Sources */ = {
			isa = PBXSourcesBuildPhase;
			buildActionMask = 2147483647;
			files = (
				D811F2282248AFBD00DD5E47 /* BlocksAndRunUITests.swift in Sources */,
			);
			runOnlyForDeploymentPostprocessing = 0;
		};
/* End PBXSourcesBuildPhase section */

/* Begin PBXTargetDependency section */
		D811F21A2248AFBD00DD5E47 /* PBXTargetDependency */ = {
			isa = PBXTargetDependency;
			target = D811F1FD2248AFBC00DD5E47 /* BlocksAndRun */;
			targetProxy = D811F2192248AFBD00DD5E47 /* PBXContainerItemProxy */;
		};
		D811F2252248AFBD00DD5E47 /* PBXTargetDependency */ = {
			isa = PBXTargetDependency;
			target = D811F1FD2248AFBC00DD5E47 /* BlocksAndRun */;
			targetProxy = D811F2242248AFBD00DD5E47 /* PBXContainerItemProxy */;
		};
/* End PBXTargetDependency section */

/* Begin PBXVariantGroup section */
		D811F20B2248AFBC00DD5E47 /* Main.storyboard */ = {
			isa = PBXVariantGroup;
			children = (
				D811F20C2248AFBC00DD5E47 /* Base */,
			);
			name = Main.storyboard;
			sourceTree = "<group>";
		};
		D811F2102248AFBD00DD5E47 /* LaunchScreen.storyboard */ = {
			isa = PBXVariantGroup;
			children = (
				D811F2112248AFBD00DD5E47 /* Base */,
			);
			name = LaunchScreen.storyboard;
			sourceTree = "<group>";
		};
/* End PBXVariantGroup section */

/* Begin XCBuildConfiguration section */
		D811F22A2248AFBD00DD5E47 /* Debug */ = {
			isa = XCBuildConfiguration;
			buildSettings = {
				ALWAYS_SEARCH_USER_PATHS = NO;
				CLANG_ANALYZER_NONNULL = YES;
				CLANG_ANALYZER_NUMBER_OBJECT_CONVERSION = YES_AGGRESSIVE;
				CLANG_CXX_LANGUAGE_STANDARD = "gnu++14";
				CLANG_CXX_LIBRARY = "libc++";
				CLANG_ENABLE_MODULES = YES;
				CLANG_ENABLE_OBJC_ARC = YES;
				CLANG_ENABLE_OBJC_WEAK = YES;
				CLANG_WARN_BLOCK_CAPTURE_AUTORELEASING = YES;
				CLANG_WARN_BOOL_CONVERSION = YES;
				CLANG_WARN_COMMA = YES;
				CLANG_WARN_CONSTANT_CONVERSION = YES;
				CLANG_WARN_DEPRECATED_OBJC_IMPLEMENTATIONS = YES;
				CLANG_WARN_DIRECT_OBJC_ISA_USAGE = YES_ERROR;
				CLANG_WARN_DOCUMENTATION_COMMENTS = YES;
				CLANG_WARN_EMPTY_BODY = YES;
				CLANG_WARN_ENUM_CONVERSION = YES;
				CLANG_WARN_INFINITE_RECURSION = YES;
				CLANG_WARN_INT_CONVERSION = YES;
				CLANG_WARN_NON_LITERAL_NULL_CONVERSION = YES;
				CLANG_WARN_OBJC_IMPLICIT_RETAIN_SELF = YES;
				CLANG_WARN_OBJC_LITERAL_CONVERSION = YES;
				CLANG_WARN_OBJC_ROOT_CLASS = YES_ERROR;
				CLANG_WARN_RANGE_LOOP_ANALYSIS = YES;
				CLANG_WARN_STRICT_PROTOTYPES = YES;
				CLANG_WARN_SUSPICIOUS_MOVE = YES;
				CLANG_WARN_UNGUARDED_AVAILABILITY = YES_AGGRESSIVE;
				CLANG_WARN_UNREACHABLE_CODE = YES;
				CLANG_WARN__DUPLICATE_METHOD_MATCH = YES;
				CODE_SIGN_IDENTITY = "iPhone Developer";
				COPY_PHASE_STRIP = NO;
				DEBUG_INFORMATION_FORMAT = dwarf;
				ENABLE_STRICT_OBJC_MSGSEND = YES;
				ENABLE_TESTABILITY = YES;
				GCC_C_LANGUAGE_STANDARD = gnu11;
				GCC_DYNAMIC_NO_PIC = NO;
				GCC_NO_COMMON_BLOCKS = YES;
				GCC_OPTIMIZATION_LEVEL = 0;
				GCC_PREPROCESSOR_DEFINITIONS = (
					"DEBUG=1",
					"$(inherited)",
				);
				GCC_WARN_64_TO_32_BIT_CONVERSION = YES;
				GCC_WARN_ABOUT_RETURN_TYPE = YES_ERROR;
				GCC_WARN_UNDECLARED_SELECTOR = YES;
				GCC_WARN_UNINITIALIZED_AUTOS = YES_AGGRESSIVE;
				GCC_WARN_UNUSED_FUNCTION = YES;
				GCC_WARN_UNUSED_VARIABLE = YES;
				IPHONEOS_DEPLOYMENT_TARGET = 12.1;
				MTL_ENABLE_DEBUG_INFO = INCLUDE_SOURCE;
				MTL_FAST_MATH = YES;
				ONLY_ACTIVE_ARCH = YES;
				SDKROOT = iphoneos;
				SWIFT_ACTIVE_COMPILATION_CONDITIONS = DEBUG;
				SWIFT_OPTIMIZATION_LEVEL = "-Onone";
			};
			name = Debug;
		};
		D811F22B2248AFBD00DD5E47 /* Release */ = {
			isa = XCBuildConfiguration;
			buildSettings = {
				ALWAYS_SEARCH_USER_PATHS = NO;
				CLANG_ANALYZER_NONNULL = YES;
				CLANG_ANALYZER_NUMBER_OBJECT_CONVERSION = YES_AGGRESSIVE;
				CLANG_CXX_LANGUAGE_STANDARD = "gnu++14";
				CLANG_CXX_LIBRARY = "libc++";
				CLANG_ENABLE_MODULES = YES;
				CLANG_ENABLE_OBJC_ARC = YES;
				CLANG_ENABLE_OBJC_WEAK = YES;
				CLANG_WARN_BLOCK_CAPTURE_AUTORELEASING = YES;
				CLANG_WARN_BOOL_CONVERSION = YES;
				CLANG_WARN_COMMA = YES;
				CLANG_WARN_CONSTANT_CONVERSION = YES;
				CLANG_WARN_DEPRECATED_OBJC_IMPLEMENTATIONS = YES;
				CLANG_WARN_DIRECT_OBJC_ISA_USAGE = YES_ERROR;
				CLANG_WARN_DOCUMENTATION_COMMENTS = YES;
				CLANG_WARN_EMPTY_BODY = YES;
				CLANG_WARN_ENUM_CONVERSION = YES;
				CLANG_WARN_INFINITE_RECURSION = YES;
				CLANG_WARN_INT_CONVERSION = YES;
				CLANG_WARN_NON_LITERAL_NULL_CONVERSION = YES;
				CLANG_WARN_OBJC_IMPLICIT_RETAIN_SELF = YES;
				CLANG_WARN_OBJC_LITERAL_CONVERSION = YES;
				CLANG_WARN_OBJC_ROOT_CLASS = YES_ERROR;
				CLANG_WARN_RANGE_LOOP_ANALYSIS = YES;
				CLANG_WARN_STRICT_PROTOTYPES = YES;
				CLANG_WARN_SUSPICIOUS_MOVE = YES;
				CLANG_WARN_UNGUARDED_AVAILABILITY = YES_AGGRESSIVE;
				CLANG_WARN_UNREACHABLE_CODE = YES;
				CLANG_WARN__DUPLICATE_METHOD_MATCH = YES;
				CODE_SIGN_IDENTITY = "iPhone Developer";
				COPY_PHASE_STRIP = NO;
				DEBUG_INFORMATION_FORMAT = "dwarf-with-dsym";
				ENABLE_NS_ASSERTIONS = NO;
				ENABLE_STRICT_OBJC_MSGSEND = YES;
				GCC_C_LANGUAGE_STANDARD = gnu11;
				GCC_NO_COMMON_BLOCKS = YES;
				GCC_WARN_64_TO_32_BIT_CONVERSION = YES;
				GCC_WARN_ABOUT_RETURN_TYPE = YES_ERROR;
				GCC_WARN_UNDECLARED_SELECTOR = YES;
				GCC_WARN_UNINITIALIZED_AUTOS = YES_AGGRESSIVE;
				GCC_WARN_UNUSED_FUNCTION = YES;
				GCC_WARN_UNUSED_VARIABLE = YES;
				IPHONEOS_DEPLOYMENT_TARGET = 12.1;
				MTL_ENABLE_DEBUG_INFO = NO;
				MTL_FAST_MATH = YES;
				SDKROOT = iphoneos;
				SWIFT_COMPILATION_MODE = wholemodule;
				SWIFT_OPTIMIZATION_LEVEL = "-O";
				VALIDATE_PRODUCT = YES;
			};
			name = Release;
		};
		D811F22D2248AFBD00DD5E47 /* Debug */ = {
			isa = XCBuildConfiguration;
			buildSettings = {
				ASSETCATALOG_COMPILER_APPICON_NAME = AppIcon;
				CODE_SIGN_STYLE = Automatic;
				INFOPLIST_FILE = BlocksAndRun/Info.plist;
				LD_RUNPATH_SEARCH_PATHS = (
					"$(inherited)",
					"@executable_path/Frameworks",
				);
				PRODUCT_BUNDLE_IDENTIFIER = deakin.BlocksAndRun;
				PRODUCT_NAME = "$(TARGET_NAME)";
				SWIFT_VERSION = 4.2;
				TARGETED_DEVICE_FAMILY = "1,2";
			};
			name = Debug;
		};
		D811F22E2248AFBD00DD5E47 /* Release */ = {
			isa = XCBuildConfiguration;
			buildSettings = {
				ASSETCATALOG_COMPILER_APPICON_NAME = AppIcon;
				CODE_SIGN_STYLE = Automatic;
				INFOPLIST_FILE = BlocksAndRun/Info.plist;
				LD_RUNPATH_SEARCH_PATHS = (
					"$(inherited)",
					"@executable_path/Frameworks",
				);
				PRODUCT_BUNDLE_IDENTIFIER = deakin.BlocksAndRun;
				PRODUCT_NAME = "$(TARGET_NAME)";
				SWIFT_VERSION = 4.2;
				TARGETED_DEVICE_FAMILY = "1,2";
			};
			name = Release;
		};
		D811F2302248AFBD00DD5E47 /* Debug */ = {
			isa = XCBuildConfiguration;
			buildSettings = {
				ALWAYS_EMBED_SWIFT_STANDARD_LIBRARIES = YES;
				BUNDLE_LOADER = "$(TEST_HOST)";
				CODE_SIGN_STYLE = Automatic;
				INFOPLIST_FILE = BlocksAndRunTests/Info.plist;
				LD_RUNPATH_SEARCH_PATHS = (
					"$(inherited)",
					"@executable_path/Frameworks",
					"@loader_path/Frameworks",
				);
				PRODUCT_BUNDLE_IDENTIFIER = deakin.BlocksAndRunTests;
				PRODUCT_NAME = "$(TARGET_NAME)";
				SWIFT_VERSION = 4.2;
				TARGETED_DEVICE_FAMILY = "1,2";
				TEST_HOST = "$(BUILT_PRODUCTS_DIR)/BlocksAndRun.app/BlocksAndRun";
			};
			name = Debug;
		};
		D811F2312248AFBD00DD5E47 /* Release */ = {
			isa = XCBuildConfiguration;
			buildSettings = {
				ALWAYS_EMBED_SWIFT_STANDARD_LIBRARIES = YES;
				BUNDLE_LOADER = "$(TEST_HOST)";
				CODE_SIGN_STYLE = Automatic;
				INFOPLIST_FILE = BlocksAndRunTests/Info.plist;
				LD_RUNPATH_SEARCH_PATHS = (
					"$(inherited)",
					"@executable_path/Frameworks",
					"@loader_path/Frameworks",
				);
				PRODUCT_BUNDLE_IDENTIFIER = deakin.BlocksAndRunTests;
				PRODUCT_NAME = "$(TARGET_NAME)";
				SWIFT_VERSION = 4.2;
				TARGETED_DEVICE_FAMILY = "1,2";
				TEST_HOST = "$(BUILT_PRODUCTS_DIR)/BlocksAndRun.app/BlocksAndRun";
			};
			name = Release;
		};
		D811F2332248AFBD00DD5E47 /* Debug */ = {
			isa = XCBuildConfiguration;
			buildSettings = {
				ALWAYS_EMBED_SWIFT_STANDARD_LIBRARIES = YES;
				CODE_SIGN_STYLE = Automatic;
				INFOPLIST_FILE = BlocksAndRunUITests/Info.plist;
				LD_RUNPATH_SEARCH_PATHS = (
					"$(inherited)",
					"@executable_path/Frameworks",
					"@loader_path/Frameworks",
				);
				PRODUCT_BUNDLE_IDENTIFIER = deakin.BlocksAndRunUITests;
				PRODUCT_NAME = "$(TARGET_NAME)";
				SWIFT_VERSION = 4.2;
				TARGETED_DEVICE_FAMILY = "1,2";
				TEST_TARGET_NAME = BlocksAndRun;
			};
			name = Debug;
		};
		D811F2342248AFBD00DD5E47 /* Release */ = {
			isa = XCBuildConfiguration;
			buildSettings = {
				ALWAYS_EMBED_SWIFT_STANDARD_LIBRARIES = YES;
				CODE_SIGN_STYLE = Automatic;
				INFOPLIST_FILE = BlocksAndRunUITests/Info.plist;
				LD_RUNPATH_SEARCH_PATHS = (
					"$(inherited)",
					"@executable_path/Frameworks",
					"@loader_path/Frameworks",
				);
				PRODUCT_BUNDLE_IDENTIFIER = deakin.BlocksAndRunUITests;
				PRODUCT_NAME = "$(TARGET_NAME)";
				SWIFT_VERSION = 4.2;
				TARGETED_DEVICE_FAMILY = "1,2";
				TEST_TARGET_NAME = BlocksAndRun;
			};
			name = Release;
		};
/* End XCBuildConfiguration section */

/* Begin XCConfigurationList section */
		D811F1F92248AFBC00DD5E47 /* Build configuration list for PBXProject "BlocksAndRun" */ = {
			isa = XCConfigurationList;
			buildConfigurations = (
				D811F22A2248AFBD00DD5E47 /* Debug */,
				D811F22B2248AFBD00DD5E47 /* Release */,
			);
			defaultConfigurationIsVisible = 0;
			defaultConfigurationName = Release;
		};
		D811F22C2248AFBD00DD5E47 /* Build configuration list for PBXNativeTarget "BlocksAndRun" */ = {
			isa = XCConfigurationList;
			buildConfigurations = (
				D811F22D2248AFBD00DD5E47 /* Debug */,
				D811F22E2248AFBD00DD5E47 /* Release */,
			);
			defaultConfigurationIsVisible = 0;
			defaultConfigurationName = Release;
		};
		D811F22F2248AFBD00DD5E47 /* Build configuration list for PBXNativeTarget "BlocksAndRunTests" */ = {
			isa = XCConfigurationList;
			buildConfigurations = (
				D811F2302248AFBD00DD5E47 /* Debug */,
				D811F2312248AFBD00DD5E47 /* Release */,
			);
			defaultConfigurationIsVisible = 0;
			defaultConfigurationName = Release;
		};
		D811F2322248AFBD00DD5E47 /* Build configuration list for PBXNativeTarget "BlocksAndRunUITests" */ = {
			isa = XCConfigurationList;
			buildConfigurations = (
				D811F2332248AFBD00DD5E47 /* Debug */,
				D811F2342248AFBD00DD5E47 /* Release */,
			);
			defaultConfigurationIsVisible = 0;
			defaultConfigurationName = Release;
		};
/* End XCConfigurationList section */
	};
	rootObject = D811F1F62248AFBC00DD5E47 /* Project object */;
}
